
Microsoft Visual Studio Solution File, Format Version 12.00
Project("{FAE04EC0-301F-11D3-BF4B-00C04F79EFBC}") = "Interim-Bot", "Interim-Bot\Interim-Bot.csproj", "{644E904D-1FE5-4324-AFBA-ABC931C96F07}"
EndProject
Project("{FAE04EC0-301F-11D3-BF4B-00C04F79EFBC}") = "Interim-Bot-Tests", "Interim-Bot-Tests\Interim-Bot-Tests.csproj", "{026E4DE4-959E-4D2C-BA68-B317403A4EA4}"
EndProject
Global
	GlobalSection(SolutionConfigurationPlatforms) = preSolution
		Debug|Any CPU = Debug|Any CPU
		Release|Any CPU = Release|Any CPU
	EndGlobalSection
	GlobalSection(ProjectConfigurationPlatforms) = postSolution
		{644E904D-1FE5-4324-AFBA-ABC931C96F07}.Debug|Any CPU.ActiveCfg = Debug|Any CPU
		{644E904D-1FE5-4324-AFBA-ABC931C96F07}.Debug|Any CPU.Build.0 = Debug|Any CPU
		{644E904D-1FE5-4324-AFBA-ABC931C96F07}.Release|Any CPU.ActiveCfg = Release|Any CPU
		{644E904D-1FE5-4324-AFBA-ABC931C96F07}.Release|Any CPU.Build.0 = Release|Any CPU
		{026E4DE4-959E-4D2C-BA68-B317403A4EA4}.Debug|Any CPU.ActiveCfg = Debug|Any CPU
		{026E4DE4-959E-4D2C-BA68-B317403A4EA4}.Debug|Any CPU.Build.0 = Debug|Any CPU
		{026E4DE4-959E-4D2C-BA68-B317403A4EA4}.Release|Any CPU.ActiveCfg = Release|Any CPU
		{026E4DE4-959E-4D2C-BA68-B317403A4EA4}.Release|Any CPU.Build.0 = Release|Any CPU
	EndGlobalSection
EndGlobal
